
Microsoft Visual Studio Solution File, Format Version 12.00
# Visual Studio Version 17
VisualStudioVersion = 17.13.35931.197 d17.13
MinimumVisualStudioVersion = 10.0.40219.1
Project("{FAE04EC0-301F-11D3-BF4B-00C04F79EFBC}") = "MatrixArrayApp", "MatrixArrayApp.csproj", "{0F2D4B87-EB36-4827-9570-4F75178BD451}"
EndProject
Global
	GlobalSection(SolutionConfigurationPlatforms) = preSolution
		Debug|Any CPU = Debug|Any CPU
		Release|Any CPU = Release|Any CPU
	EndGlobalSection
	GlobalSection(ProjectConfigurationPlatforms) = postSolution
		{0F2D4B87-EB36-4827-9570-4F75178BD451}.Debug|Any CPU.ActiveCfg = Debug|Any CPU
		{0F2D4B87-EB36-4827-9570-4F75178BD451}.Debug|Any CPU.Build.0 = Debug|Any CPU
		{0F2D4B87-EB36-4827-9570-4F75178BD451}.Release|Any CPU.ActiveCfg = Release|Any CPU
		{0F2D4B87-EB36-4827-9570-4F75178BD451}.Release|Any CPU.Build.0 = Release|Any CPU
	EndGlobalSection
	GlobalSection(SolutionProperties) = preSolution
		HideSolutionNode = FALSE
	EndGlobalSection
	GlobalSection(ExtensibilityGlobals) = postSolution
		SolutionGuid = {22B20CB5-B8A3-4CA4-95BA-F43B9774B0EE}
	EndGlobalSection
EndGlobal
