
Microsoft Visual Studio Solution File, Format Version 12.00
# Visual Studio Version 17
VisualStudioVersion = 17.13.35931.197 d17.13
MinimumVisualStudioVersion = 10.0.40219.1
Project("{FAE04EC0-301F-11D3-BF4B-00C04F79EFBC}") = "CallbackUsingDelegate", "CallbackUsingDelegate.csproj", "{B6C41846-AD77-4B9A-8220-372DE415AB23}"
EndProject
Global
	GlobalSection(SolutionConfigurationPlatforms) = preSolution
		Debug|Any CPU = Debug|Any CPU
		Release|Any CPU = Release|Any CPU
	EndGlobalSection
	GlobalSection(ProjectConfigurationPlatforms) = postSolution
		{B6C41846-AD77-4B9A-8220-372DE415AB23}.Debug|Any CPU.ActiveCfg = Debug|Any CPU
		{B6C41846-AD77-4B9A-8220-372DE415AB23}.Debug|Any CPU.Build.0 = Debug|Any CPU
		{B6C41846-AD77-4B9A-8220-372DE415AB23}.Release|Any CPU.ActiveCfg = Release|Any CPU
		{B6C41846-AD77-4B9A-8220-372DE415AB23}.Release|Any CPU.Build.0 = Release|Any CPU
	EndGlobalSection
	GlobalSection(SolutionProperties) = preSolution
		HideSolutionNode = FALSE
	EndGlobalSection
	GlobalSection(ExtensibilityGlobals) = postSolution
		SolutionGuid = {23D1D40E-C753-4ED0-B060-FAA710E72DE4}
	EndGlobalSection
EndGlobal
