
Microsoft Visual Studio Solution File, Format Version 12.00
# Visual Studio Version 17
VisualStudioVersion = 17.13.35931.197 d17.13
MinimumVisualStudioVersion = 10.0.40219.1
Project("{FAE04EC0-301F-11D3-BF4B-00C04F79EFBC}") = "CalculatorLibrary", "CalculatorLibrary\CalculatorLibrary.csproj", "{A85A2AB3-5290-4890-BBED-05679C69E078}"
EndProject
Project("{FAE04EC0-301F-11D3-BF4B-00C04F79EFBC}") = "CalculatorClient", "CalculatorClient\CalculatorClient.csproj", "{3F626F06-95E0-48A5-B928-7B657D9A7047}"
EndProject
Project("{FAE04EC0-301F-11D3-BF4B-00C04F79EFBC}") = "CalculatorClientWithoutTopLevlStatement", "CalculatorClientWithoutTopLevlStatement\CalculatorClientWithoutTopLevlStatement.csproj", "{A90B60C3-359C-4C1F-8FDE-8B4FC2DA09F5}"
EndProject
Global
	GlobalSection(SolutionConfigurationPlatforms) = preSolution
		Debug|Any CPU = Debug|Any CPU
		Release|Any CPU = Release|Any CPU
	EndGlobalSection
	GlobalSection(ProjectConfigurationPlatforms) = postSolution
		{A85A2AB3-5290-4890-BBED-05679C69E078}.Debug|Any CPU.ActiveCfg = Debug|Any CPU
		{A85A2AB3-5290-4890-BBED-05679C69E078}.Debug|Any CPU.Build.0 = Debug|Any CPU
		{A85A2AB3-5290-4890-BBED-05679C69E078}.Release|Any CPU.ActiveCfg = Release|Any CPU
		{A85A2AB3-5290-4890-BBED-05679C69E078}.Release|Any CPU.Build.0 = Release|Any CPU
		{3F626F06-95E0-48A5-B928-7B657D9A7047}.Debug|Any CPU.ActiveCfg = Debug|Any CPU
		{3F626F06-95E0-48A5-B928-7B657D9A7047}.Debug|Any CPU.Build.0 = Debug|Any CPU
		{3F626F06-95E0-48A5-B928-7B657D9A7047}.Release|Any CPU.ActiveCfg = Release|Any CPU
		{3F626F06-95E0-48A5-B928-7B657D9A7047}.Release|Any CPU.Build.0 = Release|Any CPU
		{A90B60C3-359C-4C1F-8FDE-8B4FC2DA09F5}.Debug|Any CPU.ActiveCfg = Debug|Any CPU
		{A90B60C3-359C-4C1F-8FDE-8B4FC2DA09F5}.Debug|Any CPU.Build.0 = Debug|Any CPU
		{A90B60C3-359C-4C1F-8FDE-8B4FC2DA09F5}.Release|Any CPU.ActiveCfg = Release|Any CPU
		{A90B60C3-359C-4C1F-8FDE-8B4FC2DA09F5}.Release|Any CPU.Build.0 = Release|Any CPU
	EndGlobalSection
	GlobalSection(SolutionProperties) = preSolution
		HideSolutionNode = FALSE
	EndGlobalSection
	GlobalSection(ExtensibilityGlobals) = postSolution
		SolutionGuid = {44644A06-AC02-4A31-8F5A-4C982830C2D6}
	EndGlobalSection
EndGlobal
