
Microsoft Visual Studio Solution File, Format Version 12.00
# Visual Studio Version 17
VisualStudioVersion = 17.13.35931.197 d17.13
MinimumVisualStudioVersion = 10.0.40219.1
Project("{FAE04EC0-301F-11D3-BF4B-00C04F79EFBC}") = "Epsilon.DotNet.PmsApp.Entities", "Epsilon.DotNet.PmsApp.Entities\Epsilon.DotNet.PmsApp.Entities.csproj", "{461F77FC-0576-4E8D-8400-CFA843634190}"
EndProject
Global
	GlobalSection(SolutionConfigurationPlatforms) = preSolution
		Debug|Any CPU = Debug|Any CPU
		Release|Any CPU = Release|Any CPU
	EndGlobalSection
	GlobalSection(ProjectConfigurationPlatforms) = postSolution
		{461F77FC-0576-4E8D-8400-CFA843634190}.Debug|Any CPU.ActiveCfg = Debug|Any CPU
		{461F77FC-0576-4E8D-8400-CFA843634190}.Debug|Any CPU.Build.0 = Debug|Any CPU
		{461F77FC-0576-4E8D-8400-CFA843634190}.Release|Any CPU.ActiveCfg = Release|Any CPU
		{461F77FC-0576-4E8D-8400-CFA843634190}.Release|Any CPU.Build.0 = Release|Any CPU
	EndGlobalSection
	GlobalSection(SolutionProperties) = preSolution
		HideSolutionNode = FALSE
	EndGlobalSection
	GlobalSection(ExtensibilityGlobals) = postSolution
		SolutionGuid = {23D62EC9-F4C9-4EF6-9796-B487D8328CE2}
	EndGlobalSection
EndGlobal
