
Microsoft Visual Studio Solution File, Format Version 12.00
# Visual Studio Version 17
VisualStudioVersion = 17.13.35931.197 d17.13
MinimumVisualStudioVersion = 10.0.40219.1
Project("{FAE04EC0-301F-11D3-BF4B-00C04F79EFBC}") = "BuiltInDelegates", "BuiltInDelegates.csproj", "{49F02F31-FF61-4756-8D96-3A960B0192DE}"
EndProject
Global
	GlobalSection(SolutionConfigurationPlatforms) = preSolution
		Debug|Any CPU = Debug|Any CPU
		Release|Any CPU = Release|Any CPU
	EndGlobalSection
	GlobalSection(ProjectConfigurationPlatforms) = postSolution
		{49F02F31-FF61-4756-8D96-3A960B0192DE}.Debug|Any CPU.ActiveCfg = Debug|Any CPU
		{49F02F31-FF61-4756-8D96-3A960B0192DE}.Debug|Any CPU.Build.0 = Debug|Any CPU
		{49F02F31-FF61-4756-8D96-3A960B0192DE}.Release|Any CPU.ActiveCfg = Release|Any CPU
		{49F02F31-FF61-4756-8D96-3A960B0192DE}.Release|Any CPU.Build.0 = Release|Any CPU
	EndGlobalSection
	GlobalSection(SolutionProperties) = preSolution
		HideSolutionNode = FALSE
	EndGlobalSection
	GlobalSection(ExtensibilityGlobals) = postSolution
		SolutionGuid = {91CF89AB-0080-4DBF-BF73-15DF296F5536}
	EndGlobalSection
EndGlobal
