
Microsoft Visual Studio Solution File, Format Version 12.00
# Visual Studio Version 17
VisualStudioVersion = 17.13.35931.197
MinimumVisualStudioVersion = 10.0.40219.1
Project("{FAE04EC0-301F-11D3-BF4B-00C04F79EFBC}") = "DelegateRevision", "DelegateRevision.csproj", "{9123405F-DB1B-4313-9DE2-BD1E762BF21C}"
EndProject
Project("{FAE04EC0-301F-11D3-BF4B-00C04F79EFBC}") = "BuiltInDelegates", "..\BuiltInDelegates\BuiltInDelegates.csproj", "{A760A591-1D21-4A6C-8F71-531CD4457C9A}"
EndProject
Global
	GlobalSection(SolutionConfigurationPlatforms) = preSolution
		Debug|Any CPU = Debug|Any CPU
		Release|Any CPU = Release|Any CPU
	EndGlobalSection
	GlobalSection(ProjectConfigurationPlatforms) = postSolution
		{9123405F-DB1B-4313-9DE2-BD1E762BF21C}.Debug|Any CPU.ActiveCfg = Debug|Any CPU
		{9123405F-DB1B-4313-9DE2-BD1E762BF21C}.Debug|Any CPU.Build.0 = Debug|Any CPU
		{9123405F-DB1B-4313-9DE2-BD1E762BF21C}.Release|Any CPU.ActiveCfg = Release|Any CPU
		{9123405F-DB1B-4313-9DE2-BD1E762BF21C}.Release|Any CPU.Build.0 = Release|Any CPU
		{A760A591-1D21-4A6C-8F71-531CD4457C9A}.Debug|Any CPU.ActiveCfg = Debug|Any CPU
		{A760A591-1D21-4A6C-8F71-531CD4457C9A}.Debug|Any CPU.Build.0 = Debug|Any CPU
		{A760A591-1D21-4A6C-8F71-531CD4457C9A}.Release|Any CPU.ActiveCfg = Release|Any CPU
		{A760A591-1D21-4A6C-8F71-531CD4457C9A}.Release|Any CPU.Build.0 = Release|Any CPU
	EndGlobalSection
	GlobalSection(SolutionProperties) = preSolution
		HideSolutionNode = FALSE
	EndGlobalSection
	GlobalSection(ExtensibilityGlobals) = postSolution
		SolutionGuid = {4DC42410-F4A9-47AC-B1AF-20C4C1C9115D}
	EndGlobalSection
EndGlobal
