
Microsoft Visual Studio Solution File, Format Version 12.00
# Visual Studio Version 17
VisualStudioVersion = 17.13.35931.197 d17.13
MinimumVisualStudioVersion = 10.0.40219.1
Project("{FAE04EC0-301F-11D3-BF4B-00C04F79EFBC}") = "MessengerLibrary", "MessengerLibrary\MessengerLibrary.csproj", "{67C855C6-F53E-49F8-971A-519A13AD289A}"
EndProject
Project("{FAE04EC0-301F-11D3-BF4B-00C04F79EFBC}") = "ClientApp", "ClientApp\ClientApp.csproj", "{00375F0D-D06A-4FF3-A1FA-869DDDDDAF04}"
EndProject
Global
	GlobalSection(SolutionConfigurationPlatforms) = preSolution
		Debug|Any CPU = Debug|Any CPU
		Release|Any CPU = Release|Any CPU
	EndGlobalSection
	GlobalSection(ProjectConfigurationPlatforms) = postSolution
		{67C855C6-F53E-49F8-971A-519A13AD289A}.Debug|Any CPU.ActiveCfg = Debug|Any CPU
		{67C855C6-F53E-49F8-971A-519A13AD289A}.Debug|Any CPU.Build.0 = Debug|Any CPU
		{67C855C6-F53E-49F8-971A-519A13AD289A}.Release|Any CPU.ActiveCfg = Release|Any CPU
		{67C855C6-F53E-49F8-971A-519A13AD289A}.Release|Any CPU.Build.0 = Release|Any CPU
		{00375F0D-D06A-4FF3-A1FA-869DDDDDAF04}.Debug|Any CPU.ActiveCfg = Debug|Any CPU
		{00375F0D-D06A-4FF3-A1FA-869DDDDDAF04}.Debug|Any CPU.Build.0 = Debug|Any CPU
		{00375F0D-D06A-4FF3-A1FA-869DDDDDAF04}.Release|Any CPU.ActiveCfg = Release|Any CPU
		{00375F0D-D06A-4FF3-A1FA-869DDDDDAF04}.Release|Any CPU.Build.0 = Release|Any CPU
	EndGlobalSection
	GlobalSection(SolutionProperties) = preSolution
		HideSolutionNode = FALSE
	EndGlobalSection
	GlobalSection(ExtensibilityGlobals) = postSolution
		SolutionGuid = {2BD47A68-05E6-459C-A967-BA5B28B4EC57}
	EndGlobalSection
EndGlobal
